---
apm_version: 0.30.0
dependencies:
  - content_hash: sha256:2ce02237de3a3a3f0f260941d070c94deb646869344130d98901e69e79ebd850
    declared_license: MIT
    deployed_file_hashes:
      .agents/skills/brandkit/SKILL.md: sha256:b0c4837e1bd140ca816ae54948754ddd2ac1e2a4d3619363777a80caf00b2ede
      .agents/skills/brutalist-skill/SKILL.md: sha256:fffbaac8597f07679e9d87145533567658aedba3b5eca6f16a7075a333048caa
      .agents/skills/gpt-tasteskill/SKILL.md: sha256:2e64c269953f2656c21bf5a0fa6b4568e82fe0c72b36e8f84758e090349966a5
      .agents/skills/image-to-code-skill/SKILL.md: sha256:4c060a8064a8b13380bc2ef3d6e6a1d0b1e316aa093cd9807d0ce9e4eeb037fa
      .agents/skills/imagegen-frontend-mobile/SKILL.md: sha256:8a33389979f3074fa0926678e266ad2eb9234624472254469fc1ad916b9caa24
      .agents/skills/imagegen-frontend-web/SKILL.md: sha256:6b5c2256522fdba1e3313eafa3d743b960a7b13ec029d3e6586e04b23327c1f8
      .agents/skills/minimalist-skill/SKILL.md: sha256:36bc7328f085405f43b476938e62460fa573bf7e984e949e072bcf014831a44c
      .agents/skills/output-skill/SKILL.md: sha256:e5bf48b1ae561511439cf71672209a10a88cee0968cc925909ff861dfa0a96a7
      .agents/skills/redesign-skill/SKILL.md: sha256:98ad3e5b051bfb71b2795f7e8a6aa0d32b51ee095606c098a4b2822ac07926c9
      .agents/skills/soft-skill/SKILL.md: sha256:e1e32f5e2d420872c6c7332b53d5ff7721946766b78c4822b424c2d512c8fdbc
      .agents/skills/stitch-skill/DESIGN.md: sha256:0ab6740c4ebb1966dbceddb823a66d4bf027e960efbd73faca56cbf8370ae2ad
      .agents/skills/stitch-skill/SKILL.md: sha256:46bdb08fee2dded38b6ba0a051230a502d6ac6e4044afd47592cb40c256028b5
      .agents/skills/taste-skill-v1/SKILL.md: sha256:033d45af1ed23832730642f95f40ab49db7fb5222848489a6c5656144bfc6dae
      .agents/skills/taste-skill/SKILL.md: sha256:aa194351b246b8b4799099d4ed7b033d29eab6e6e3d58d8d2172978be7b3ec89
      .claude/skills/brandkit/SKILL.md: sha256:b0c4837e1bd140ca816ae54948754ddd2ac1e2a4d3619363777a80caf00b2ede
      .claude/skills/brutalist-skill/SKILL.md: sha256:fffbaac8597f07679e9d87145533567658aedba3b5eca6f16a7075a333048caa
      .claude/skills/gpt-tasteskill/SKILL.md: sha256:2e64c269953f2656c21bf5a0fa6b4568e82fe0c72b36e8f84758e090349966a5
      .claude/skills/image-to-code-skill/SKILL.md: sha256:4c060a8064a8b13380bc2ef3d6e6a1d0b1e316aa093cd9807d0ce9e4eeb037fa
      .claude/skills/imagegen-frontend-mobile/SKILL.md: sha256:8a33389979f3074fa0926678e266ad2eb9234624472254469fc1ad916b9caa24
      .claude/skills/imagegen-frontend-web/SKILL.md: sha256:6b5c2256522fdba1e3313eafa3d743b960a7b13ec029d3e6586e04b23327c1f8
      .claude/skills/minimalist-skill/SKILL.md: sha256:36bc7328f085405f43b476938e62460fa573bf7e984e949e072bcf014831a44c
      .claude/skills/output-skill/SKILL.md: sha256:e5bf48b1ae561511439cf71672209a10a88cee0968cc925909ff861dfa0a96a7
      .claude/skills/redesign-skill/SKILL.md: sha256:98ad3e5b051bfb71b2795f7e8a6aa0d32b51ee095606c098a4b2822ac07926c9
      .claude/skills/soft-skill/SKILL.md: sha256:e1e32f5e2d420872c6c7332b53d5ff7721946766b78c4822b424c2d512c8fdbc
      .claude/skills/stitch-skill/DESIGN.md: sha256:0ab6740c4ebb1966dbceddb823a66d4bf027e960efbd73faca56cbf8370ae2ad
      .claude/skills/stitch-skill/SKILL.md: sha256:46bdb08fee2dded38b6ba0a051230a502d6ac6e4044afd47592cb40c256028b5
      .claude/skills/taste-skill-v1/SKILL.md: sha256:033d45af1ed23832730642f95f40ab49db7fb5222848489a6c5656144bfc6dae
      .claude/skills/taste-skill/SKILL.md: sha256:aa194351b246b8b4799099d4ed7b033d29eab6e6e3d58d8d2172978be7b3ec89
    deployed_files:
      - .agents/skills/brandkit
      - .agents/skills/brandkit/SKILL.md
      - .agents/skills/brutalist-skill
      - .agents/skills/brutalist-skill/SKILL.md
      - .agents/skills/gpt-tasteskill
      - .agents/skills/gpt-tasteskill/SKILL.md
      - .agents/skills/image-to-code-skill
      - .agents/skills/image-to-code-skill/SKILL.md
      - .agents/skills/imagegen-frontend-mobile
      - .agents/skills/imagegen-frontend-mobile/SKILL.md
      - .agents/skills/imagegen-frontend-web
      - .agents/skills/imagegen-frontend-web/SKILL.md
      - .agents/skills/minimalist-skill
      - .agents/skills/minimalist-skill/SKILL.md
      - .agents/skills/output-skill
      - .agents/skills/output-skill/SKILL.md
      - .agents/skills/redesign-skill
      - .agents/skills/redesign-skill/SKILL.md
      - .agents/skills/soft-skill
      - .agents/skills/soft-skill/SKILL.md
      - .agents/skills/stitch-skill
      - .agents/skills/stitch-skill/DESIGN.md
      - .agents/skills/stitch-skill/SKILL.md
      - .agents/skills/taste-skill
      - .agents/skills/taste-skill-v1
      - .agents/skills/taste-skill-v1/SKILL.md
      - .agents/skills/taste-skill/SKILL.md
      - .claude/skills/brandkit
      - .claude/skills/brandkit/SKILL.md
      - .claude/skills/brutalist-skill
      - .claude/skills/brutalist-skill/SKILL.md
      - .claude/skills/gpt-tasteskill
      - .claude/skills/gpt-tasteskill/SKILL.md
      - .claude/skills/image-to-code-skill
      - .claude/skills/image-to-code-skill/SKILL.md
      - .claude/skills/imagegen-frontend-mobile
      - .claude/skills/imagegen-frontend-mobile/SKILL.md
      - .claude/skills/imagegen-frontend-web
      - .claude/skills/imagegen-frontend-web/SKILL.md
      - .claude/skills/minimalist-skill
      - .claude/skills/minimalist-skill/SKILL.md
      - .claude/skills/output-skill
      - .claude/skills/output-skill/SKILL.md
      - .claude/skills/redesign-skill
      - .claude/skills/redesign-skill/SKILL.md
      - .claude/skills/soft-skill
      - .claude/skills/soft-skill/SKILL.md
      - .claude/skills/stitch-skill
      - .claude/skills/stitch-skill/DESIGN.md
      - .claude/skills/stitch-skill/SKILL.md
      - .claude/skills/taste-skill
      - .claude/skills/taste-skill-v1
      - .claude/skills/taste-skill-v1/SKILL.md
      - .claude/skills/taste-skill/SKILL.md
    host: github.com
    materialization_repo_url: Leonxlnx/taste-skill
    name: taste-skill
    package_type: skill_bundle
    repo_url: leonxlnx/taste-skill
    resolved_commit: ccbc15639c97057cbfcf32ecebc38ef716e4bb37
    version: 1.0.0
  - content_hash: sha256:7afa3790e0818505011eea9bb2f10c73d30eef39c3e5337b66bb58d28ce4cf50
    host: github.com
    materialization_repo_url: MRDGH2821/copier-mr-mise
    name: copier-mr-mise
    package_type: apm_package
    repo_url: mrdgh2821/copier-mr-mise
    resolved_commit: f236af35ccb046ade92761db4be1469513d984df
    version: 0.12.3
  - content_hash: sha256:2607fc60629b82b257136dd2a7a373f0a4466c0b49df7746d845d59313c99b21
    deployed_file_hashes:
      .agents/skills/git-commit/SKILL.md: sha256:554d1a3c6d95f15bc1170160659ecdc9a9958b64f377f3988941b672c249b13f
      .claude/skills/git-commit/SKILL.md: sha256:554d1a3c6d95f15bc1170160659ecdc9a9958b64f377f3988941b672c249b13f
    deployed_files:
      - .agents/skills/git-commit
      - .agents/skills/git-commit/SKILL.md
      - .claude/skills/git-commit
      - .claude/skills/git-commit/SKILL.md
    depth: 2
    host: github.com
    is_virtual: true
    name: git-commit
    package_type: claude_skill
    repo_url: github/awesome-copilot
    resolved_by: MRDGH2821/copier-mr-mise
    resolved_commit: fb4eb04fcbd30de50052b1155d81167393dfb5aa
    skill_subset:
      - git-commit
    version: unknown
    virtual_path: skills/git-commit
  - content_hash: sha256:0223469d68cf81897d72de3d843ec12e3521c4aa854b21ba2b0825e995be4507
    declared_license: AGPL-3.0
    depth: 2
    host: github.com
    name: megalinter
    package_type: agent_plugin
    repo_url: oxsecurity/megalinter
    resolved_by: MRDGH2821/copier-mr-mise
    resolved_commit: 9949bad031045f366be2467e00e8371a7328a2e2
    resolved_ref: v10.1.0
    version: 1.0.5
  - content_hash: sha256:913b9d37d0d54047dd65222bb8c67b2bf04e3cb87dcad1729068d7a8b2c8c396
    deployed_file_hashes:
      .agents/skills/find-skills/SKILL.md: sha256:c00eeea0e13e74fe4a9d84ba0a8542205a1b736d65f13134fe1a6647eb14976f
      .claude/skills/find-skills/SKILL.md: sha256:c00eeea0e13e74fe4a9d84ba0a8542205a1b736d65f13134fe1a6647eb14976f
    deployed_files:
      - .agents/skills/find-skills
      - .agents/skills/find-skills/SKILL.md
      - .claude/skills/find-skills
      - .claude/skills/find-skills/SKILL.md
    depth: 2
    host: github.com
    is_virtual: true
    name: find-skills
    package_type: claude_skill
    repo_url: vercel-labs/skills
    resolved_by: MRDGH2821/copier-mr-mise
    resolved_commit: 1682051d48c34f5eb135e6475c1a965dce05e820
    resolved_ref: v1.5.24
    skill_subset:
      - find-skills
    version: unknown
    virtual_path: skills/find-skills
deployments:
  - active_owner: leonxlnx/taste-skill
    content_hash:
    kind: project-relative
    owners:
      - leonxlnx/taste-skill
    runtime:
    scope: project
    target: antigravity
    value: .agents/skills/brandkit
  - active_owner: leonxlnx/taste-skill
    content_hash: sha256:b0c4837e1bd140ca816ae54948754ddd2ac1e2a4d3619363777a80caf00b2ede
    kind: project-relative
    owners:
      - leonxlnx/taste-skill
    runtime:
    scope: project
    target: antigravity
    value: .agents/skills/brandkit/SKILL.md
  - active_owner: leonxlnx/taste-skill
    content_hash:
    kind: project-relative
    owners:
      - leonxlnx/taste-skill
    runtime:
    scope: project
    target: antigravity
    value: .agents/skills/brutalist-skill
  - active_owner: leonxlnx/taste-skill
    content_hash: sha256:fffbaac8597f07679e9d87145533567658aedba3b5eca6f16a7075a333048caa
    kind: project-relative
    owners:
      - leonxlnx/taste-skill
    runtime:
    scope: project
    target: antigravity
    value: .agents/skills/brutalist-skill/SKILL.md
  - active_owner: vercel-labs/skills/skills/find-skills
    content_hash:
    kind: project-relative
    owners:
      - vercel-labs/skills/skills/find-skills
    runtime:
    scope: project
    target: antigravity
    value: .agents/skills/find-skills
  - active_owner: vercel-labs/skills/skills/find-skills
    content_hash: sha256:c00eeea0e13e74fe4a9d84ba0a8542205a1b736d65f13134fe1a6647eb14976f
    kind: project-relative
    owners:
      - vercel-labs/skills/skills/find-skills
    runtime:
    scope: project
    target: antigravity
    value: .agents/skills/find-skills/SKILL.md
  - active_owner: github/awesome-copilot/skills/git-commit
    content_hash:
    kind: project-relative
    owners:
      - github/awesome-copilot/skills/git-commit
    runtime:
    scope: project
    target: antigravity
    value: .agents/skills/git-commit
  - active_owner: github/awesome-copilot/skills/git-commit
    content_hash: sha256:554d1a3c6d95f15bc1170160659ecdc9a9958b64f377f3988941b672c249b13f
    kind: project-relative
    owners:
      - github/awesome-copilot/skills/git-commit
    runtime:
    scope: project
    target: antigravity
    value: .agents/skills/git-commit/SKILL.md
  - active_owner: leonxlnx/taste-skill
    content_hash:
    kind: project-relative
    owners:
      - leonxlnx/taste-skill
    runtime:
    scope: project
    target: antigravity
    value: .agents/skills/gpt-tasteskill
  - active_owner: leonxlnx/taste-skill
    content_hash: sha256:2e64c269953f2656c21bf5a0fa6b4568e82fe0c72b36e8f84758e090349966a5
    kind: project-relative
    owners:
      - leonxlnx/taste-skill
    runtime:
    scope: project
    target: antigravity
    value: .agents/skills/gpt-tasteskill/SKILL.md
  - active_owner: leonxlnx/taste-skill
    content_hash:
    kind: project-relative
    owners:
      - leonxlnx/taste-skill
    runtime:
    scope: project
    target: antigravity
    value: .agents/skills/image-to-code-skill
  - active_owner: leonxlnx/taste-skill
    content_hash: sha256:4c060a8064a8b13380bc2ef3d6e6a1d0b1e316aa093cd9807d0ce9e4eeb037fa
    kind: project-relative
    owners:
      - leonxlnx/taste-skill
    runtime:
    scope: project
    target: antigravity
    value: .agents/skills/image-to-code-skill/SKILL.md
  - active_owner: leonxlnx/taste-skill
    content_hash:
    kind: project-relative
    owners:
      - leonxlnx/taste-skill
    runtime:
    scope: project
    target: antigravity
    value: .agents/skills/imagegen-frontend-mobile
  - active_owner: leonxlnx/taste-skill
    content_hash: sha256:8a33389979f3074fa0926678e266ad2eb9234624472254469fc1ad916b9caa24
    kind: project-relative
    owners:
      - leonxlnx/taste-skill
    runtime:
    scope: project
    target: antigravity
    value: .agents/skills/imagegen-frontend-mobile/SKILL.md
  - active_owner: leonxlnx/taste-skill
    content_hash:
    kind: project-relative
    owners:
      - leonxlnx/taste-skill
    runtime:
    scope: project
    target: antigravity
    value: .agents/skills/imagegen-frontend-web
  - active_owner: leonxlnx/taste-skill
    content_hash: sha256:6b5c2256522fdba1e3313eafa3d743b960a7b13ec029d3e6586e04b23327c1f8
    kind: project-relative
    owners:
      - leonxlnx/taste-skill
    runtime:
    scope: project
    target: antigravity
    value: .agents/skills/imagegen-frontend-web/SKILL.md
  - active_owner: leonxlnx/taste-skill
    content_hash:
    kind: project-relative
    owners:
      - leonxlnx/taste-skill
    runtime:
    scope: project
    target: antigravity
    value: .agents/skills/minimalist-skill
  - active_owner: leonxlnx/taste-skill
    content_hash: sha256:36bc7328f085405f43b476938e62460fa573bf7e984e949e072bcf014831a44c
    kind: project-relative
    owners:
      - leonxlnx/taste-skill
    runtime:
    scope: project
    target: antigravity
    value: .agents/skills/minimalist-skill/SKILL.md
  - active_owner: leonxlnx/taste-skill
    content_hash:
    kind: project-relative
    owners:
      - leonxlnx/taste-skill
    runtime:
    scope: project
    target: antigravity
    value: .agents/skills/output-skill
  - active_owner: leonxlnx/taste-skill
    content_hash: sha256:e5bf48b1ae561511439cf71672209a10a88cee0968cc925909ff861dfa0a96a7
    kind: project-relative
    owners:
      - leonxlnx/taste-skill
    runtime:
    scope: project
    target: antigravity
    value: .agents/skills/output-skill/SKILL.md
  - active_owner: leonxlnx/taste-skill
    content_hash:
    kind: project-relative
    owners:
      - leonxlnx/taste-skill
    runtime:
    scope: project
    target: antigravity
    value: .agents/skills/redesign-skill
  - active_owner: leonxlnx/taste-skill
    content_hash: sha256:98ad3e5b051bfb71b2795f7e8a6aa0d32b51ee095606c098a4b2822ac07926c9
    kind: project-relative
    owners:
      - leonxlnx/taste-skill
    runtime:
    scope: project
    target: antigravity
    value: .agents/skills/redesign-skill/SKILL.md
  - active_owner: leonxlnx/taste-skill
    content_hash:
    kind: project-relative
    owners:
      - leonxlnx/taste-skill
    runtime:
    scope: project
    target: antigravity
    value: .agents/skills/soft-skill
  - active_owner: leonxlnx/taste-skill
    content_hash: sha256:e1e32f5e2d420872c6c7332b53d5ff7721946766b78c4822b424c2d512c8fdbc
    kind: project-relative
    owners:
      - leonxlnx/taste-skill
    runtime:
    scope: project
    target: antigravity
    value: .agents/skills/soft-skill/SKILL.md
  - active_owner: leonxlnx/taste-skill
    content_hash:
    kind: project-relative
    owners:
      - leonxlnx/taste-skill
    runtime:
    scope: project
    target: antigravity
    value: .agents/skills/stitch-skill
  - active_owner: leonxlnx/taste-skill
    content_hash: sha256:0ab6740c4ebb1966dbceddb823a66d4bf027e960efbd73faca56cbf8370ae2ad
    kind: project-relative
    owners:
      - leonxlnx/taste-skill
    runtime:
    scope: project
    target: antigravity
    value: .agents/skills/stitch-skill/DESIGN.md
  - active_owner: leonxlnx/taste-skill
    content_hash: sha256:46bdb08fee2dded38b6ba0a051230a502d6ac6e4044afd47592cb40c256028b5
    kind: project-relative
    owners:
      - leonxlnx/taste-skill
    runtime:
    scope: project
    target: antigravity
    value: .agents/skills/stitch-skill/SKILL.md
  - active_owner: leonxlnx/taste-skill
    content_hash:
    kind: project-relative
    owners:
      - leonxlnx/taste-skill
    runtime:
    scope: project
    target: antigravity
    value: .agents/skills/taste-skill
  - active_owner: leonxlnx/taste-skill
    content_hash:
    kind: project-relative
    owners:
      - leonxlnx/taste-skill
    runtime:
    scope: project
    target: antigravity
    value: .agents/skills/taste-skill-v1
  - active_owner: leonxlnx/taste-skill
    content_hash: sha256:033d45af1ed23832730642f95f40ab49db7fb5222848489a6c5656144bfc6dae
    kind: project-relative
    owners:
      - leonxlnx/taste-skill
    runtime:
    scope: project
    target: antigravity
    value: .agents/skills/taste-skill-v1/SKILL.md
  - active_owner: leonxlnx/taste-skill
    content_hash: sha256:aa194351b246b8b4799099d4ed7b033d29eab6e6e3d58d8d2172978be7b3ec89
    kind: project-relative
    owners:
      - leonxlnx/taste-skill
    runtime:
    scope: project
    target: antigravity
    value: .agents/skills/taste-skill/SKILL.md
  - active_owner: leonxlnx/taste-skill
    content_hash:
    kind: project-relative
    owners:
      - leonxlnx/taste-skill
    runtime:
    scope: project
    target: claude
    value: .claude/skills/brandkit
  - active_owner: leonxlnx/taste-skill
    content_hash: sha256:b0c4837e1bd140ca816ae54948754ddd2ac1e2a4d3619363777a80caf00b2ede
    kind: project-relative
    owners:
      - leonxlnx/taste-skill
    runtime:
    scope: project
    target: claude
    value: .claude/skills/brandkit/SKILL.md
  - active_owner: leonxlnx/taste-skill
    content_hash:
    kind: project-relative
    owners:
      - leonxlnx/taste-skill
    runtime:
    scope: project
    target: claude
    value: .claude/skills/brutalist-skill
  - active_owner: leonxlnx/taste-skill
    content_hash: sha256:fffbaac8597f07679e9d87145533567658aedba3b5eca6f16a7075a333048caa
    kind: project-relative
    owners:
      - leonxlnx/taste-skill
    runtime:
    scope: project
    target: claude
    value: .claude/skills/brutalist-skill/SKILL.md
  - active_owner: vercel-labs/skills/skills/find-skills
    content_hash:
    kind: project-relative
    owners:
      - vercel-labs/skills/skills/find-skills
    runtime:
    scope: project
    target: claude
    value: .claude/skills/find-skills
  - active_owner: vercel-labs/skills/skills/find-skills
    content_hash: sha256:c00eeea0e13e74fe4a9d84ba0a8542205a1b736d65f13134fe1a6647eb14976f
    kind: project-relative
    owners:
      - vercel-labs/skills/skills/find-skills
    runtime:
    scope: project
    target: claude
    value: .claude/skills/find-skills/SKILL.md
  - active_owner: github/awesome-copilot/skills/git-commit
    content_hash:
    kind: project-relative
    owners:
      - github/awesome-copilot/skills/git-commit
    runtime:
    scope: project
    target: claude
    value: .claude/skills/git-commit
  - active_owner: github/awesome-copilot/skills/git-commit
    content_hash: sha256:554d1a3c6d95f15bc1170160659ecdc9a9958b64f377f3988941b672c249b13f
    kind: project-relative
    owners:
      - github/awesome-copilot/skills/git-commit
    runtime:
    scope: project
    target: claude
    value: .claude/skills/git-commit/SKILL.md
  - active_owner: leonxlnx/taste-skill
    content_hash:
    kind: project-relative
    owners:
      - leonxlnx/taste-skill
    runtime:
    scope: project
    target: claude
    value: .claude/skills/gpt-tasteskill
  - active_owner: leonxlnx/taste-skill
    content_hash: sha256:2e64c269953f2656c21bf5a0fa6b4568e82fe0c72b36e8f84758e090349966a5
    kind: project-relative
    owners:
      - leonxlnx/taste-skill
    runtime:
    scope: project
    target: claude
    value: .claude/skills/gpt-tasteskill/SKILL.md
  - active_owner: leonxlnx/taste-skill
    content_hash:
    kind: project-relative
    owners:
      - leonxlnx/taste-skill
    runtime:
    scope: project
    target: claude
    value: .claude/skills/image-to-code-skill
  - active_owner: leonxlnx/taste-skill
    content_hash: sha256:4c060a8064a8b13380bc2ef3d6e6a1d0b1e316aa093cd9807d0ce9e4eeb037fa
    kind: project-relative
    owners:
      - leonxlnx/taste-skill
    runtime:
    scope: project
    target: claude
    value: .claude/skills/image-to-code-skill/SKILL.md
  - active_owner: leonxlnx/taste-skill
    content_hash:
    kind: project-relative
    owners:
      - leonxlnx/taste-skill
    runtime:
    scope: project
    target: claude
    value: .claude/skills/imagegen-frontend-mobile
  - active_owner: leonxlnx/taste-skill
    content_hash: sha256:8a33389979f3074fa0926678e266ad2eb9234624472254469fc1ad916b9caa24
    kind: project-relative
    owners:
      - leonxlnx/taste-skill
    runtime:
    scope: project
    target: claude
    value: .claude/skills/imagegen-frontend-mobile/SKILL.md
  - active_owner: leonxlnx/taste-skill
    content_hash:
    kind: project-relative
    owners:
      - leonxlnx/taste-skill
    runtime:
    scope: project
    target: claude
    value: .claude/skills/imagegen-frontend-web
  - active_owner: leonxlnx/taste-skill
    content_hash: sha256:6b5c2256522fdba1e3313eafa3d743b960a7b13ec029d3e6586e04b23327c1f8
    kind: project-relative
    owners:
      - leonxlnx/taste-skill
    runtime:
    scope: project
    target: claude
    value: .claude/skills/imagegen-frontend-web/SKILL.md
  - active_owner: leonxlnx/taste-skill
    content_hash:
    kind: project-relative
    owners:
      - leonxlnx/taste-skill
    runtime:
    scope: project
    target: claude
    value: .claude/skills/minimalist-skill
  - active_owner: leonxlnx/taste-skill
    content_hash: sha256:36bc7328f085405f43b476938e62460fa573bf7e984e949e072bcf014831a44c
    kind: project-relative
    owners:
      - leonxlnx/taste-skill
    runtime:
    scope: project
    target: claude
    value: .claude/skills/minimalist-skill/SKILL.md
  - active_owner: leonxlnx/taste-skill
    content_hash:
    kind: project-relative
    owners:
      - leonxlnx/taste-skill
    runtime:
    scope: project
    target: claude
    value: .claude/skills/output-skill
  - active_owner: leonxlnx/taste-skill
    content_hash: sha256:e5bf48b1ae561511439cf71672209a10a88cee0968cc925909ff861dfa0a96a7
    kind: project-relative
    owners:
      - leonxlnx/taste-skill
    runtime:
    scope: project
    target: claude
    value: .claude/skills/output-skill/SKILL.md
  - active_owner: leonxlnx/taste-skill
    content_hash:
    kind: project-relative
    owners:
      - leonxlnx/taste-skill
    runtime:
    scope: project
    target: claude
    value: .claude/skills/redesign-skill
  - active_owner: leonxlnx/taste-skill
    content_hash: sha256:98ad3e5b051bfb71b2795f7e8a6aa0d32b51ee095606c098a4b2822ac07926c9
    kind: project-relative
    owners:
      - leonxlnx/taste-skill
    runtime:
    scope: project
    target: claude
    value: .claude/skills/redesign-skill/SKILL.md
  - active_owner: leonxlnx/taste-skill
    content_hash:
    kind: project-relative
    owners:
      - leonxlnx/taste-skill
    runtime:
    scope: project
    target: claude
    value: .claude/skills/soft-skill
  - active_owner: leonxlnx/taste-skill
    content_hash: sha256:e1e32f5e2d420872c6c7332b53d5ff7721946766b78c4822b424c2d512c8fdbc
    kind: project-relative
    owners:
      - leonxlnx/taste-skill
    runtime:
    scope: project
    target: claude
    value: .claude/skills/soft-skill/SKILL.md
  - active_owner: leonxlnx/taste-skill
    content_hash:
    kind: project-relative
    owners:
      - leonxlnx/taste-skill
    runtime:
    scope: project
    target: claude
    value: .claude/skills/stitch-skill
  - active_owner: leonxlnx/taste-skill
    content_hash: sha256:0ab6740c4ebb1966dbceddb823a66d4bf027e960efbd73faca56cbf8370ae2ad
    kind: project-relative
    owners:
      - leonxlnx/taste-skill
    runtime:
    scope: project
    target: claude
    value: .claude/skills/stitch-skill/DESIGN.md
  - active_owner: leonxlnx/taste-skill
    content_hash: sha256:46bdb08fee2dded38b6ba0a051230a502d6ac6e4044afd47592cb40c256028b5
    kind: project-relative
    owners:
      - leonxlnx/taste-skill
    runtime:
    scope: project
    target: claude
    value: .claude/skills/stitch-skill/SKILL.md
  - active_owner: leonxlnx/taste-skill
    content_hash:
    kind: project-relative
    owners:
      - leonxlnx/taste-skill
    runtime:
    scope: project
    target: claude
    value: .claude/skills/taste-skill
  - active_owner: leonxlnx/taste-skill
    content_hash:
    kind: project-relative
    owners:
      - leonxlnx/taste-skill
    runtime:
    scope: project
    target: claude
    value: .claude/skills/taste-skill-v1
  - active_owner: leonxlnx/taste-skill
    content_hash: sha256:033d45af1ed23832730642f95f40ab49db7fb5222848489a6c5656144bfc6dae
    kind: project-relative
    owners:
      - leonxlnx/taste-skill
    runtime:
    scope: project
    target: claude
    value: .claude/skills/taste-skill-v1/SKILL.md
  - active_owner: leonxlnx/taste-skill
    content_hash: sha256:aa194351b246b8b4799099d4ed7b033d29eab6e6e3d58d8d2172978be7b3ec89
    kind: project-relative
    owners:
      - leonxlnx/taste-skill
    runtime:
    scope: project
    target: claude
    value: .claude/skills/taste-skill/SKILL.md
  - active_owner: .
    content_hash:
    kind: uri
    owners:
      - .
    runtime: antigravity
    scope: project
    target: mcp
    value: hk
  - active_owner: .
    content_hash:
    kind: uri
    owners:
      - .
    runtime: antigravity
    scope: project
    target: mcp
    value: mise
  - active_owner: .
    content_hash:
    kind: uri
    owners:
      - .
    runtime: claude
    scope: project
    target: mcp
    value: hk
  - active_owner: .
    content_hash:
    kind: uri
    owners:
      - .
    runtime: claude
    scope: project
    target: mcp
    value: mise
  - active_owner: .
    content_hash:
    kind: uri
    owners:
      - .
    runtime: codex
    scope: project
    target: mcp
    value: hk
  - active_owner: .
    content_hash:
    kind: uri
    owners:
      - .
    runtime: codex
    scope: project
    target: mcp
    value: mise
  - active_owner: .
    content_hash:
    kind: uri
    owners:
      - .
    runtime: cursor
    scope: project
    target: mcp
    value: hk
  - active_owner: .
    content_hash:
    kind: uri
    owners:
      - .
    runtime: cursor
    scope: project
    target: mcp
    value: mise
  - active_owner: .
    content_hash:
    kind: uri
    owners:
      - .
    runtime: opencode
    scope: project
    target: mcp
    value: hk
  - active_owner: .
    content_hash:
    kind: uri
    owners:
      - .
    runtime: opencode
    scope: project
    target: mcp
    value: mise
lockfile_version: "1"
mcp_config_provenance:
  hk: copier-mr-mise
  mise: copier-mr-mise
mcp_configs:
  hk:
    args:
      - mcp
    command: hk
    name: hk
    registry: false
    transport: stdio
  mise:
    args:
      - mcp
    command: mise
    name: mise
    registry: false
    transport: stdio
mcp_servers:
  - hk
  - mise
mcp_target_servers:
  antigravity:
    - hk
    - mise
  claude:
    - hk
    - mise
  codex:
    - hk
    - mise
  cursor:
    - hk
    - mise
  opencode:
    - hk
    - mise
